// !$*UTF8*$!
{
	archiveVersion = 1;
	classes = {
	};
	objectVersion = 51;
	objects = {

/* Begin PBXBuildFile section */
		374B05892339134E0089FB4E /* AppDelegate.swift in Sources */ = {isa = PBXBuildFile; fileRef = 374B05882339134E0089FB4E /* AppDelegate.swift */; };
		374B058B2339134E0089FB4E /* SceneDelegate.swift in Sources */ = {isa = PBXBuildFile; fileRef = 374B058A2339134E0089FB4E /* SceneDelegate.swift */; };
		374B058D2339134E0089FB4E /* MainViewController.swift in Sources */ = {isa = PBXBuildFile; fileRef = 374B058C2339134E0089FB4E /* MainViewController.swift */; };
		374B05902339134E0089FB4E /* Main.storyboard in Resources */ = {isa = PBXBuildFile; fileRef = 374B058E2339134E0089FB4E /* Main.storyboard */; };
		374B0592233913500089FB4E /* Assets.xcassets in Resources */ = {isa = PBXBuildFile; fileRef = 374B0591233913500089FB4E /* Assets.xcassets */; };
		374B0595233913500089FB4E /* LaunchScreen.storyboard in Resources */ = {isa = PBXBuildFile; fileRef = 374B0593233913500089FB4E /* LaunchScreen.storyboard */; };
		374B05A4233914650089FB4E /* Login.storyboard in Resources */ = {isa = PBXBuildFile; fileRef = 374B05A3233914650089FB4E /* Login.storyboard */; };
		374B05A8233914AD0089FB4E /* Search.storyboard in Resources */ = {isa = PBXBuildFile; fileRef = 374B05A7233914AD0089FB4E /* Search.storyboard */; };
		374B05AA233914C50089FB4E /* Acknowledgements.storyboard in Resources */ = {isa = PBXBuildFile; fileRef = 374B05A9233914C50089FB4E /* Acknowledgements.storyboard */; };
		374B05AC233914E40089FB4E /* MovieDetail.storyboard in Resources */ = {isa = PBXBuildFile; fileRef = 374B05AB233914E40089FB4E /* MovieDetail.storyboard */; };
		374B05AE2339151A0089FB4E /* NoteDetail.storyboard in Resources */ = {isa = PBXBuildFile; fileRef = 374B05AD2339151A0089FB4E /* NoteDetail.storyboard */; };
		379C461E233A86840000F928 /* NewNoteForm.swift in Sources */ = {isa = PBXBuildFile; fileRef = 379C461D233A86840000F928 /* NewNoteForm.swift */; };
		379C4620233A86970000F928 /* NewNoteForm.xib in Resources */ = {isa = PBXBuildFile; fileRef = 379C461F233A86970000F928 /* NewNoteForm.xib */; };
		379C4624233A9ACE0000F928 /* MovieController.swift in Sources */ = {isa = PBXBuildFile; fileRef = 379C4623233A9ACE0000F928 /* MovieController.swift */; };
		37A9A5682339DD3C0030AFD7 /* NewNote.storyboard in Resources */ = {isa = PBXBuildFile; fileRef = 37A9A5672339DD3C0030AFD7 /* NewNote.storyboard */; };
		37A9A56B2339E0790030AFD7 /* CustomTextField.swift in Sources */ = {isa = PBXBuildFile; fileRef = 37A9A56A2339E0790030AFD7 /* CustomTextField.swift */; };
		37A9A5712339EBB10030AFD7 /* NewNoteViewController.swift in Sources */ = {isa = PBXBuildFile; fileRef = 37A9A5702339EBB10030AFD7 /* NewNoteViewController.swift */; };
		37A9A5732339F9270030AFD7 /* Nunito in Resources */ = {isa = PBXBuildFile; fileRef = 37A9A5722339F9270030AFD7 /* Nunito */; };
		37AF506F233A716B00E18CA0 /* LabeledHorizontalCollectionWrapper.swift in Sources */ = {isa = PBXBuildFile; fileRef = 37AF506E233A716B00E18CA0 /* LabeledHorizontalCollectionWrapper.swift */; };
		37AF5071233A719900E18CA0 /* LabeledHorizontalCollectionWrapper.xib in Resources */ = {isa = PBXBuildFile; fileRef = 37AF5070233A719900E18CA0 /* LabeledHorizontalCollectionWrapper.xib */; };
		37AF5074233A74AE00E18CA0 /* MovieDiscoverCollectionViewCell.swift in Sources */ = {isa = PBXBuildFile; fileRef = 37AF5072233A74AE00E18CA0 /* MovieDiscoverCollectionViewCell.swift */; };
		37AF5075233A74AE00E18CA0 /* MovieDiscoverCollectionViewCell.xib in Resources */ = {isa = PBXBuildFile; fileRef = 37AF5073233A74AE00E18CA0 /* MovieDiscoverCollectionViewCell.xib */; };
		37C7DA8D233940430081D771 /* movieDatabaseApiKey.swift in Sources */ = {isa = PBXBuildFile; fileRef = 37C7DA8C233940430081D771 /* movieDatabaseApiKey.swift */; };
		37C7DA90233944F70081D771 /* Movie.swift in Sources */ = {isa = PBXBuildFile; fileRef = 37C7DA8F233944F70081D771 /* Movie.swift */; };
		37C7DA92233945170081D771 /* Note.swift in Sources */ = {isa = PBXBuildFile; fileRef = 37C7DA91233945170081D771 /* Note.swift */; };
		37C7DA97233970340081D771 /* ListTableViewCell.swift in Sources */ = {isa = PBXBuildFile; fileRef = 37C7DA96233970340081D771 /* ListTableViewCell.swift */; };
		37C7DA9B23397D9A0081D771 /* NoteCollectionViewCell.swift in Sources */ = {isa = PBXBuildFile; fileRef = 37C7DA9A23397D9A0081D771 /* NoteCollectionViewCell.swift */; };
		37C7DA9D23397E640081D771 /* NotesViewController.swift in Sources */ = {isa = PBXBuildFile; fileRef = 37C7DA9C23397E640081D771 /* NotesViewController.swift */; };
		37C7DA9F23398B940081D771 /* DiscoverViewController.swift in Sources */ = {isa = PBXBuildFile; fileRef = 37C7DA9E23398B940081D771 /* DiscoverViewController.swift */; };
		37C7DAA123398BAD0081D771 /* SearchTableViewController.swift in Sources */ = {isa = PBXBuildFile; fileRef = 37C7DAA023398BAD0081D771 /* SearchTableViewController.swift */; };
		37C7DAA323398BC20081D771 /* SearchTableViewCell.swift in Sources */ = {isa = PBXBuildFile; fileRef = 37C7DAA223398BC20081D771 /* SearchTableViewCell.swift */; };
		5FF4545D4CE7CA5E8E13BDC3 /* Pods_CineScribe.framework in Frameworks */ = {isa = PBXBuildFile; fileRef = 3913FE1A12FB521BF003354A /* Pods_CineScribe.framework */; };
		B56D6F542339783600524A9C /* FirebaseClient.swift in Sources */ = {isa = PBXBuildFile; fileRef = B56D6F532339783600524A9C /* FirebaseClient.swift */; };
/* End PBXBuildFile section */

/* Begin PBXFileReference section */
		11B7C0A24823808F00BF0FEF /* Pods-CineScribe.release.xcconfig */ = {isa = PBXFileReference; includeInIndex = 1; lastKnownFileType = text.xcconfig; name = "Pods-CineScribe.release.xcconfig"; path = "Pods/Target Support Files/Pods-CineScribe/Pods-CineScribe.release.xcconfig"; sourceTree = "<group>"; };
		374B05852339134E0089FB4E /* CineScribe.app */ = {isa = PBXFileReference; explicitFileType = wrapper.application; includeInIndex = 0; path = CineScribe.app; sourceTree = BUILT_PRODUCTS_DIR; };
		374B05882339134E0089FB4E /* AppDelegate.swift */ = {isa = PBXFileReference; lastKnownFileType = sourcecode.swift; path = AppDelegate.swift; sourceTree = "<group>"; };
		374B058A2339134E0089FB4E /* SceneDelegate.swift */ = {isa = PBXFileReference; lastKnownFileType = sourcecode.swift; path = SceneDelegate.swift; sourceTree = "<group>"; };
		374B058C2339134E0089FB4E /* MainViewController.swift */ = {isa = PBXFileReference; lastKnownFileType = sourcecode.swift; path = MainViewController.swift; sourceTree = "<group>"; };
		374B058F2339134E0089FB4E /* Base */ = {isa = PBXFileReference; lastKnownFileType = file.storyboard; name = Base; path = Base.lproj/Main.storyboard; sourceTree = "<group>"; };
		374B0591233913500089FB4E /* Assets.xcassets */ = {isa = PBXFileReference; lastKnownFileType = folder.assetcatalog; path = Assets.xcassets; sourceTree = "<group>"; };
		374B0594233913500089FB4E /* Base */ = {isa = PBXFileReference; lastKnownFileType = file.storyboard; name = Base; path = Base.lproj/LaunchScreen.storyboard; sourceTree = "<group>"; };
		374B0596233913500089FB4E /* Info.plist */ = {isa = PBXFileReference; lastKnownFileType = text.plist.xml; path = Info.plist; sourceTree = "<group>"; };
		374B05A3233914650089FB4E /* Login.storyboard */ = {isa = PBXFileReference; lastKnownFileType = file.storyboard; path = Login.storyboard; sourceTree = "<group>"; };
		374B05A7233914AD0089FB4E /* Search.storyboard */ = {isa = PBXFileReference; lastKnownFileType = file.storyboard; path = Search.storyboard; sourceTree = "<group>"; };
		374B05A9233914C50089FB4E /* Acknowledgements.storyboard */ = {isa = PBXFileReference; lastKnownFileType = file.storyboard; path = Acknowledgements.storyboard; sourceTree = "<group>"; };
		374B05AB233914E40089FB4E /* MovieDetail.storyboard */ = {isa = PBXFileReference; lastKnownFileType = file.storyboard; path = MovieDetail.storyboard; sourceTree = "<group>"; };
		374B05AD2339151A0089FB4E /* NoteDetail.storyboard */ = {isa = PBXFileReference; lastKnownFileType = file.storyboard; path = NoteDetail.storyboard; sourceTree = "<group>"; };
		379C461D233A86840000F928 /* NewNoteForm.swift */ = {isa = PBXFileReference; lastKnownFileType = sourcecode.swift; path = NewNoteForm.swift; sourceTree = "<group>"; };
		379C461F233A86970000F928 /* NewNoteForm.xib */ = {isa = PBXFileReference; lastKnownFileType = file.xib; path = NewNoteForm.xib; sourceTree = "<group>"; };
		379C4623233A9ACE0000F928 /* MovieController.swift */ = {isa = PBXFileReference; lastKnownFileType = sourcecode.swift; path = MovieController.swift; sourceTree = "<group>"; };
		37A9A5672339DD3C0030AFD7 /* NewNote.storyboard */ = {isa = PBXFileReference; lastKnownFileType = file.storyboard; path = NewNote.storyboard; sourceTree = "<group>"; };
		37A9A56A2339E0790030AFD7 /* CustomTextField.swift */ = {isa = PBXFileReference; lastKnownFileType = sourcecode.swift; path = CustomTextField.swift; sourceTree = "<group>"; };
		37A9A5702339EBB10030AFD7 /* NewNoteViewController.swift */ = {isa = PBXFileReference; lastKnownFileType = sourcecode.swift; path = NewNoteViewController.swift; sourceTree = "<group>"; };
		37A9A5722339F9270030AFD7 /* Nunito */ = {isa = PBXFileReference; lastKnownFileType = folder; path = Nunito; sourceTree = "<group>"; };
		37AF506E233A716B00E18CA0 /* LabeledHorizontalCollectionWrapper.swift */ = {isa = PBXFileReference; lastKnownFileType = sourcecode.swift; path = LabeledHorizontalCollectionWrapper.swift; sourceTree = "<group>"; };
		37AF5070233A719900E18CA0 /* LabeledHorizontalCollectionWrapper.xib */ = {isa = PBXFileReference; lastKnownFileType = file.xib; path = LabeledHorizontalCollectionWrapper.xib; sourceTree = "<group>"; };
		37AF5072233A74AE00E18CA0 /* MovieDiscoverCollectionViewCell.swift */ = {isa = PBXFileReference; lastKnownFileType = sourcecode.swift; path = MovieDiscoverCollectionViewCell.swift; sourceTree = "<group>"; };
		37AF5073233A74AE00E18CA0 /* MovieDiscoverCollectionViewCell.xib */ = {isa = PBXFileReference; lastKnownFileType = file.xib; path = MovieDiscoverCollectionViewCell.xib; sourceTree = "<group>"; };
		37C7DA8C233940430081D771 /* movieDatabaseApiKey.swift */ = {isa = PBXFileReference; lastKnownFileType = sourcecode.swift; path = movieDatabaseApiKey.swift; sourceTree = "<group>"; };
		37C7DA8F233944F70081D771 /* Movie.swift */ = {isa = PBXFileReference; lastKnownFileType = sourcecode.swift; path = Movie.swift; sourceTree = "<group>"; };
		37C7DA91233945170081D771 /* Note.swift */ = {isa = PBXFileReference; lastKnownFileType = sourcecode.swift; path = Note.swift; sourceTree = "<group>"; };
		37C7DA96233970340081D771 /* ListTableViewCell.swift */ = {isa = PBXFileReference; lastKnownFileType = sourcecode.swift; path = ListTableViewCell.swift; sourceTree = "<group>"; };
		37C7DA9A23397D9A0081D771 /* NoteCollectionViewCell.swift */ = {isa = PBXFileReference; lastKnownFileType = sourcecode.swift; path = NoteCollectionViewCell.swift; sourceTree = "<group>"; };
		37C7DA9C23397E640081D771 /* NotesViewController.swift */ = {isa = PBXFileReference; lastKnownFileType = sourcecode.swift; path = NotesViewController.swift; sourceTree = "<group>"; };
		37C7DA9E23398B940081D771 /* DiscoverViewController.swift */ = {isa = PBXFileReference; lastKnownFileType = sourcecode.swift; path = DiscoverViewController.swift; sourceTree = "<group>"; };
		37C7DAA023398BAD0081D771 /* SearchTableViewController.swift */ = {isa = PBXFileReference; lastKnownFileType = sourcecode.swift; path = SearchTableViewController.swift; sourceTree = "<group>"; };
		37C7DAA223398BC20081D771 /* SearchTableViewCell.swift */ = {isa = PBXFileReference; lastKnownFileType = sourcecode.swift; path = SearchTableViewCell.swift; sourceTree = "<group>"; };
		3913FE1A12FB521BF003354A /* Pods_CineScribe.framework */ = {isa = PBXFileReference; explicitFileType = wrapper.framework; includeInIndex = 0; path = Pods_CineScribe.framework; sourceTree = BUILT_PRODUCTS_DIR; };
		B56D6F532339783600524A9C /* FirebaseClient.swift */ = {isa = PBXFileReference; lastKnownFileType = sourcecode.swift; path = FirebaseClient.swift; sourceTree = "<group>"; };
		CB64B24A8D9C2404E1783B99 /* Pods-CineScribe.debug.xcconfig */ = {isa = PBXFileReference; includeInIndex = 1; lastKnownFileType = text.xcconfig; name = "Pods-CineScribe.debug.xcconfig"; path = "Pods/Target Support Files/Pods-CineScribe/Pods-CineScribe.debug.xcconfig"; sourceTree = "<group>"; };
/* End PBXFileReference section */

/* Begin PBXFrameworksBuildPhase section */
		374B05822339134E0089FB4E /* Frameworks */ = {
			isa = PBXFrameworksBuildPhase;
			buildActionMask = 2147483647;
			files = (
				5FF4545D4CE7CA5E8E13BDC3 /* Pods_CineScribe.framework in Frameworks */,
			);
			runOnlyForDeploymentPostprocessing = 0;
		};
/* End PBXFrameworksBuildPhase section */

/* Begin PBXGroup section */
		374B057C2339134E0089FB4E = {
			isa = PBXGroup;
			children = (
				374B05872339134E0089FB4E /* CineScribe */,
				37A9A5722339F9270030AFD7 /* Nunito */,
				374B05862339134E0089FB4E /* Products */,
				A5D2BB69366E5B1139E48FC6 /* Pods */,
				B1E67E54114BEE4B7565F2BB /* Frameworks */,
			);
			sourceTree = "<group>";
		};
		374B05862339134E0089FB4E /* Products */ = {
			isa = PBXGroup;
			children = (
				374B05852339134E0089FB4E /* CineScribe.app */,
			);
			name = Products;
			sourceTree = "<group>";
		};
		374B05872339134E0089FB4E /* CineScribe */ = {
			isa = PBXGroup;
			children = (
				37C7DA8E233944D50081D771 /* Models */,
				37C7DA8B233940250081D771 /* TMDB Networking */,
				37C7DA95233970120081D771 /* Views */,
				374B059E233913C10089FB4E /* View Controllers */,
				374B059D233913B70089FB4E /* Storyboards */,
				374B059C233913800089FB4E /* Resources */,
				37A9A5692339E05D0030AFD7 /* Helpers */,
				374B0591233913500089FB4E /* Assets.xcassets */,
			);
			path = CineScribe;
			sourceTree = "<group>";
		};
		374B059C233913800089FB4E /* Resources */ = {
			isa = PBXGroup;
			children = (
				374B05882339134E0089FB4E /* AppDelegate.swift */,
				374B058A2339134E0089FB4E /* SceneDelegate.swift */,
				374B0593233913500089FB4E /* LaunchScreen.storyboard */,
				374B0596233913500089FB4E /* Info.plist */,
			);
			path = Resources;
			sourceTree = "<group>";
		};
		374B059D233913B70089FB4E /* Storyboards */ = {
			isa = PBXGroup;
			children = (
				374B058E2339134E0089FB4E /* Main.storyboard */,
				374B05A3233914650089FB4E /* Login.storyboard */,
				374B05A7233914AD0089FB4E /* Search.storyboard */,
				374B05A9233914C50089FB4E /* Acknowledgements.storyboard */,
				374B05AB233914E40089FB4E /* MovieDetail.storyboard */,
				374B05AD2339151A0089FB4E /* NoteDetail.storyboard */,
				37A9A5672339DD3C0030AFD7 /* NewNote.storyboard */,
			);
			path = Storyboards;
			sourceTree = "<group>";
		};
		374B059E233913C10089FB4E /* View Controllers */ = {
			isa = PBXGroup;
			children = (
				374B058C2339134E0089FB4E /* MainViewController.swift */,
				37C7DA9C23397E640081D771 /* NotesViewController.swift */,
				37C7DA9E23398B940081D771 /* DiscoverViewController.swift */,
				37C7DAA023398BAD0081D771 /* SearchTableViewController.swift */,
				37A9A5702339EBB10030AFD7 /* NewNoteViewController.swift */,
			);
			path = "View Controllers";
			sourceTree = "<group>";
		};
		37A9A5692339E05D0030AFD7 /* Helpers */ = {
			isa = PBXGroup;
			children = (
				37A9A56A2339E0790030AFD7 /* CustomTextField.swift */,
			);
			path = Helpers;
			sourceTree = "<group>";
		};
		37C7DA8B233940250081D771 /* TMDB Networking */ = {
			isa = PBXGroup;
			children = (
				37C7DA8C233940430081D771 /* movieDatabaseApiKey.swift */,
				B56D6F532339783600524A9C /* FirebaseClient.swift */,
				379C4623233A9ACE0000F928 /* MovieController.swift */,
			);
			path = "TMDB Networking";
			sourceTree = "<group>";
		};
		37C7DA8E233944D50081D771 /* Models */ = {
			isa = PBXGroup;
			children = (
				37C7DA8F233944F70081D771 /* Movie.swift */,
				37C7DA91233945170081D771 /* Note.swift */,
			);
			path = Models;
			sourceTree = "<group>";
		};
		37C7DA95233970120081D771 /* Views */ = {
			isa = PBXGroup;
			children = (
				37C7DA96233970340081D771 /* ListTableViewCell.swift */,
				37C7DA9A23397D9A0081D771 /* NoteCollectionViewCell.swift */,
				37C7DAA223398BC20081D771 /* SearchTableViewCell.swift */,
				37AF506E233A716B00E18CA0 /* LabeledHorizontalCollectionWrapper.swift */,
				37AF5070233A719900E18CA0 /* LabeledHorizontalCollectionWrapper.xib */,
				37AF5072233A74AE00E18CA0 /* MovieDiscoverCollectionViewCell.swift */,
				37AF5073233A74AE00E18CA0 /* MovieDiscoverCollectionViewCell.xib */,
				379C461D233A86840000F928 /* NewNoteForm.swift */,
				379C461F233A86970000F928 /* NewNoteForm.xib */,
			);
			path = Views;
			sourceTree = "<group>";
		};
		A5D2BB69366E5B1139E48FC6 /* Pods */ = {
			isa = PBXGroup;
			children = (
				CB64B24A8D9C2404E1783B99 /* Pods-CineScribe.debug.xcconfig */,
				11B7C0A24823808F00BF0FEF /* Pods-CineScribe.release.xcconfig */,
			);
			name = Pods;
			sourceTree = "<group>";
		};
		B1E67E54114BEE4B7565F2BB /* Frameworks */ = {
			isa = PBXGroup;
			children = (
				3913FE1A12FB521BF003354A /* Pods_CineScribe.framework */,
			);
			name = Frameworks;
			sourceTree = "<group>";
		};
/* End PBXGroup section */

/* Begin PBXNativeTarget section */
		374B05842339134E0089FB4E /* CineScribe */ = {
			isa = PBXNativeTarget;
			buildConfigurationList = 374B0599233913500089FB4E /* Build configuration list for PBXNativeTarget "CineScribe" */;
			buildPhases = (
				B8FAF381F17EC7F00251C1C0 /* [CP] Check Pods Manifest.lock */,
				374B05812339134E0089FB4E /* Sources */,
				374B05822339134E0089FB4E /* Frameworks */,
				374B05832339134E0089FB4E /* Resources */,
				22CE62749F1C4705B543634B /* [CP] Embed Pods Frameworks */,
			);
			buildRules = (
			);
			dependencies = (
			);
			name = CineScribe;
			productName = CineScribe;
			productReference = 374B05852339134E0089FB4E /* CineScribe.app */;
			productType = "com.apple.product-type.application";
		};
/* End PBXNativeTarget section */

/* Begin PBXProject section */
		374B057D2339134E0089FB4E /* Project object */ = {
			isa = PBXProject;
			attributes = {
				LastSwiftUpdateCheck = 1100;
				LastUpgradeCheck = 1100;
				ORGANIZATIONNAME = "Marlon Raskin";
				TargetAttributes = {
					374B05842339134E0089FB4E = {
						CreatedOnToolsVersion = 11.0;
					};
				};
			};
			buildConfigurationList = 374B05802339134E0089FB4E /* Build configuration list for PBXProject "CineScribe" */;
			compatibilityVersion = "Xcode 9.3";
			developmentRegion = en;
			hasScannedForEncodings = 0;
			knownRegions = (
				en,
				Base,
			);
			mainGroup = 374B057C2339134E0089FB4E;
			productRefGroup = 374B05862339134E0089FB4E /* Products */;
			projectDirPath = "";
			projectRoot = "";
			targets = (
				374B05842339134E0089FB4E /* CineScribe */,
			);
		};
/* End PBXProject section */

/* Begin PBXResourcesBuildPhase section */
		374B05832339134E0089FB4E /* Resources */ = {
			isa = PBXResourcesBuildPhase;
			buildActionMask = 2147483647;
			files = (
				374B05AC233914E40089FB4E /* MovieDetail.storyboard in Resources */,
				374B05A4233914650089FB4E /* Login.storyboard in Resources */,
				37AF5071233A719900E18CA0 /* LabeledHorizontalCollectionWrapper.xib in Resources */,
				374B05AA233914C50089FB4E /* Acknowledgements.storyboard in Resources */,
				37A9A5682339DD3C0030AFD7 /* NewNote.storyboard in Resources */,
				374B0595233913500089FB4E /* LaunchScreen.storyboard in Resources */,
				379C4620233A86970000F928 /* NewNoteForm.xib in Resources */,
				37A9A5732339F9270030AFD7 /* Nunito in Resources */,
				374B0592233913500089FB4E /* Assets.xcassets in Resources */,
				374B05A8233914AD0089FB4E /* Search.storyboard in Resources */,
				374B05AE2339151A0089FB4E /* NoteDetail.storyboard in Resources */,
				37AF5075233A74AE00E18CA0 /* MovieDiscoverCollectionViewCell.xib in Resources */,
				374B05902339134E0089FB4E /* Main.storyboard in Resources */,
			);
			runOnlyForDeploymentPostprocessing = 0;
		};
/* End PBXResourcesBuildPhase section */

/* Begin PBXShellScriptBuildPhase section */
		22CE62749F1C4705B543634B /* [CP] Embed Pods Frameworks */ = {
			isa = PBXShellScriptBuildPhase;
			buildActionMask = 2147483647;
			files = (
			);
			inputFileListPaths = (
				"${PODS_ROOT}/Target Support Files/Pods-CineScribe/Pods-CineScribe-frameworks-${CONFIGURATION}-input-files.xcfilelist",
			);
			name = "[CP] Embed Pods Frameworks";
			outputFileListPaths = (
				"${PODS_ROOT}/Target Support Files/Pods-CineScribe/Pods-CineScribe-frameworks-${CONFIGURATION}-output-files.xcfilelist",
			);
			runOnlyForDeploymentPostprocessing = 0;
			shellPath = /bin/sh;
			shellScript = "\"${PODS_ROOT}/Target Support Files/Pods-CineScribe/Pods-CineScribe-frameworks.sh\"\n";
			showEnvVarsInLog = 0;
		};
		B8FAF381F17EC7F00251C1C0 /* [CP] Check Pods Manifest.lock */ = {
			isa = PBXShellScriptBuildPhase;
			buildActionMask = 2147483647;
			files = (
			);
			inputPaths = (
				"${PODS_PODFILE_DIR_PATH}/Podfile.lock",
				"${PODS_ROOT}/Manifest.lock",
			);
			name = "[CP] Check Pods Manifest.lock";
			outputPaths = (
				"$(DERIVED_FILE_DIR)/Pods-CineScribe-checkManifestLockResult.txt",
			);
			runOnlyForDeploymentPostprocessing = 0;
			shellPath = /bin/sh;
			shellScript = "diff \"${PODS_PODFILE_DIR_PATH}/Podfile.lock\" \"${PODS_ROOT}/Manifest.lock\" > /dev/null\nif [ $? != 0 ] ; then\n    # print error to STDERR\n    echo \"error: The sandbox is not in sync with the Podfile.lock. Run 'pod install' or update your CocoaPods installation.\" >&2\n    exit 1\nfi\n# This output is used by Xcode 'outputs' to avoid re-running this script phase.\necho \"SUCCESS\" > \"${SCRIPT_OUTPUT_FILE_0}\"\n";
			showEnvVarsInLog = 0;
		};
/* End PBXShellScriptBuildPhase section */

/* Begin PBXSourcesBuildPhase section */
		374B05812339134E0089FB4E /* Sources */ = {
			isa = PBXSourcesBuildPhase;
			buildActionMask = 2147483647;
			files = (
				37C7DA9B23397D9A0081D771 /* NoteCollectionViewCell.swift in Sources */,
				37C7DA8D233940430081D771 /* movieDatabaseApiKey.swift in Sources */,
				37C7DA97233970340081D771 /* ListTableViewCell.swift in Sources */,
				374B058D2339134E0089FB4E /* MainViewController.swift in Sources */,
				37A9A5712339EBB10030AFD7 /* NewNoteViewController.swift in Sources */,
				374B05892339134E0089FB4E /* AppDelegate.swift in Sources */,
				37C7DA9D23397E640081D771 /* NotesViewController.swift in Sources */,
				374B058B2339134E0089FB4E /* SceneDelegate.swift in Sources */,
				37C7DA90233944F70081D771 /* Movie.swift in Sources */,
				37C7DA9F23398B940081D771 /* DiscoverViewController.swift in Sources */,
				37C7DAA123398BAD0081D771 /* SearchTableViewController.swift in Sources */,
				37C7DA92233945170081D771 /* Note.swift in Sources */,
				B56D6F542339783600524A9C /* FirebaseClient.swift in Sources */,
				37AF5074233A74AE00E18CA0 /* MovieDiscoverCollectionViewCell.swift in Sources */,
				379C461E233A86840000F928 /* NewNoteForm.swift in Sources */,
				379C4624233A9ACE0000F928 /* MovieController.swift in Sources */,
				37C7DAA323398BC20081D771 /* SearchTableViewCell.swift in Sources */,
				37AF506F233A716B00E18CA0 /* LabeledHorizontalCollectionWrapper.swift in Sources */,
				37A9A56B2339E0790030AFD7 /* CustomTextField.swift in Sources */,
			);
			runOnlyForDeploymentPostprocessing = 0;
		};
/* End PBXSourcesBuildPhase section */

/* Begin PBXVariantGroup section */
		374B058E2339134E0089FB4E /* Main.storyboard */ = {
			isa = PBXVariantGroup;
			children = (
				374B058F2339134E0089FB4E /* Base */,
			);
			name = Main.storyboard;
			sourceTree = "<group>";
		};
		374B0593233913500089FB4E /* LaunchScreen.storyboard */ = {
			isa = PBXVariantGroup;
			children = (
				374B0594233913500089FB4E /* Base */,
			);
			name = LaunchScreen.storyboard;
			sourceTree = "<group>";
		};
/* End PBXVariantGroup section */

/* Begin XCBuildConfiguration section */
		374B0597233913500089FB4E /* Debug */ = {
			isa = XCBuildConfiguration;
			buildSettings = {
				ALWAYS_SEARCH_USER_PATHS = NO;
				CLANG_ANALYZER_NONNULL = YES;
				CLANG_ANALYZER_NUMBER_OBJECT_CONVERSION = YES_AGGRESSIVE;
				CLANG_CXX_LANGUAGE_STANDARD = "gnu++14";
				CLANG_CXX_LIBRARY = "libc++";
				CLANG_ENABLE_MODULES = YES;
				CLANG_ENABLE_OBJC_ARC = YES;
				CLANG_ENABLE_OBJC_WEAK = YES;
				CLANG_WARN_BLOCK_CAPTURE_AUTORELEASING = YES;
				CLANG_WARN_BOOL_CONVERSION = YES;
				CLANG_WARN_COMMA = YES;
				CLANG_WARN_CONSTANT_CONVERSION = YES;
				CLANG_WARN_DEPRECATED_OBJC_IMPLEMENTATIONS = YES;
				CLANG_WARN_DIRECT_OBJC_ISA_USAGE = YES_ERROR;
				CLANG_WARN_DOCUMENTATION_COMMENTS = YES;
				CLANG_WARN_EMPTY_BODY = YES;
				CLANG_WARN_ENUM_CONVERSION = YES;
				CLANG_WARN_INFINITE_RECURSION = YES;
				CLANG_WARN_INT_CONVERSION = YES;
				CLANG_WARN_NON_LITERAL_NULL_CONVERSION = YES;
				CLANG_WARN_OBJC_IMPLICIT_RETAIN_SELF = YES;
				CLANG_WARN_OBJC_LITERAL_CONVERSION = YES;
				CLANG_WARN_OBJC_ROOT_CLASS = YES_ERROR;
				CLANG_WARN_RANGE_LOOP_ANALYSIS = YES;
				CLANG_WARN_STRICT_PROTOTYPES = YES;
				CLANG_WARN_SUSPICIOUS_MOVE = YES;
				CLANG_WARN_UNGUARDED_AVAILABILITY = YES_AGGRESSIVE;
				CLANG_WARN_UNREACHABLE_CODE = YES;
				CLANG_WARN__DUPLICATE_METHOD_MATCH = YES;
				COPY_PHASE_STRIP = NO;
				DEBUG_INFORMATION_FORMAT = dwarf;
				ENABLE_STRICT_OBJC_MSGSEND = YES;
				ENABLE_TESTABILITY = YES;
				GCC_C_LANGUAGE_STANDARD = gnu11;
				GCC_DYNAMIC_NO_PIC = NO;
				GCC_NO_COMMON_BLOCKS = YES;
				GCC_OPTIMIZATION_LEVEL = 0;
				GCC_PREPROCESSOR_DEFINITIONS = (
					"DEBUG=1",
					"$(inherited)",
				);
				GCC_WARN_64_TO_32_BIT_CONVERSION = YES;
				GCC_WARN_ABOUT_RETURN_TYPE = YES_ERROR;
				GCC_WARN_UNDECLARED_SELECTOR = YES;
				GCC_WARN_UNINITIALIZED_AUTOS = YES_AGGRESSIVE;
				GCC_WARN_UNUSED_FUNCTION = YES;
				GCC_WARN_UNUSED_VARIABLE = YES;
				IPHONEOS_DEPLOYMENT_TARGET = 13.0;
				MTL_ENABLE_DEBUG_INFO = INCLUDE_SOURCE;
				MTL_FAST_MATH = YES;
				ONLY_ACTIVE_ARCH = YES;
				SDKROOT = iphoneos;
				SWIFT_ACTIVE_COMPILATION_CONDITIONS = DEBUG;
				SWIFT_OPTIMIZATION_LEVEL = "-Onone";
			};
			name = Debug;
		};
		374B0598233913500089FB4E /* Release */ = {
			isa = XCBuildConfiguration;
			buildSettings = {
				ALWAYS_SEARCH_USER_PATHS = NO;
				CLANG_ANALYZER_NONNULL = YES;
				CLANG_ANALYZER_NUMBER_OBJECT_CONVERSION = YES_AGGRESSIVE;
				CLANG_CXX_LANGUAGE_STANDARD = "gnu++14";
				CLANG_CXX_LIBRARY = "libc++";
				CLANG_ENABLE_MODULES = YES;
				CLANG_ENABLE_OBJC_ARC = YES;
				CLANG_ENABLE_OBJC_WEAK = YES;
				CLANG_WARN_BLOCK_CAPTURE_AUTORELEASING = YES;
				CLANG_WARN_BOOL_CONVERSION = YES;
				CLANG_WARN_COMMA = YES;
				CLANG_WARN_CONSTANT_CONVERSION = YES;
				CLANG_WARN_DEPRECATED_OBJC_IMPLEMENTATIONS = YES;
				CLANG_WARN_DIRECT_OBJC_ISA_USAGE = YES_ERROR;
				CLANG_WARN_DOCUMENTATION_COMMENTS = YES;
				CLANG_WARN_EMPTY_BODY = YES;
				CLANG_WARN_ENUM_CONVERSION = YES;
				CLANG_WARN_INFINITE_RECURSION = YES;
				CLANG_WARN_INT_CONVERSION = YES;
				CLANG_WARN_NON_LITERAL_NULL_CONVERSION = YES;
				CLANG_WARN_OBJC_IMPLICIT_RETAIN_SELF = YES;
				CLANG_WARN_OBJC_LITERAL_CONVERSION = YES;
				CLANG_WARN_OBJC_ROOT_CLASS = YES_ERROR;
				CLANG_WARN_RANGE_LOOP_ANALYSIS = YES;
				CLANG_WARN_STRICT_PROTOTYPES = YES;
				CLANG_WARN_SUSPICIOUS_MOVE = YES;
				CLANG_WARN_UNGUARDED_AVAILABILITY = YES_AGGRESSIVE;
				CLANG_WARN_UNREACHABLE_CODE = YES;
				CLANG_WARN__DUPLICATE_METHOD_MATCH = YES;
				COPY_PHASE_STRIP = NO;
				DEBUG_INFORMATION_FORMAT = "dwarf-with-dsym";
				ENABLE_NS_ASSERTIONS = NO;
				ENABLE_STRICT_OBJC_MSGSEND = YES;
				GCC_C_LANGUAGE_STANDARD = gnu11;
				GCC_NO_COMMON_BLOCKS = YES;
				GCC_WARN_64_TO_32_BIT_CONVERSION = YES;
				GCC_WARN_ABOUT_RETURN_TYPE = YES_ERROR;
				GCC_WARN_UNDECLARED_SELECTOR = YES;
				GCC_WARN_UNINITIALIZED_AUTOS = YES_AGGRESSIVE;
				GCC_WARN_UNUSED_FUNCTION = YES;
				GCC_WARN_UNUSED_VARIABLE = YES;
				IPHONEOS_DEPLOYMENT_TARGET = 13.0;
				MTL_ENABLE_DEBUG_INFO = NO;
				MTL_FAST_MATH = YES;
				SDKROOT = iphoneos;
				SWIFT_COMPILATION_MODE = wholemodule;
				SWIFT_OPTIMIZATION_LEVEL = "-O";
				VALIDATE_PRODUCT = YES;
			};
			name = Release;
		};
		374B059A233913500089FB4E /* Debug */ = {
			isa = XCBuildConfiguration;
			baseConfigurationReference = CB64B24A8D9C2404E1783B99 /* Pods-CineScribe.debug.xcconfig */;
			buildSettings = {
				ASSETCATALOG_COMPILER_APPICON_NAME = AppIcon;
				CODE_SIGN_STYLE = Automatic;
				DEVELOPMENT_TEAM = D6VB3396MT;
				INFOPLIST_FILE = "$(SRCROOT)/CineScribe/Resources/Info.plist";
				LD_RUNPATH_SEARCH_PATHS = (
					"$(inherited)",
					"@executable_path/Frameworks",
				);
				PRODUCT_BUNDLE_IDENTIFIER = com.marlonraskin.CineScribe;
				PRODUCT_NAME = "$(TARGET_NAME)";
				SWIFT_VERSION = 5.0;
				TARGETED_DEVICE_FAMILY = 1;
			};
			name = Debug;
		};
		374B059B233913500089FB4E /* Release */ = {
			isa = XCBuildConfiguration;
			baseConfigurationReference = 11B7C0A24823808F00BF0FEF /* Pods-CineScribe.release.xcconfig */;
			buildSettings = {
				ASSETCATALOG_COMPILER_APPICON_NAME = AppIcon;
				CODE_SIGN_STYLE = Automatic;
				DEVELOPMENT_TEAM = D6VB3396MT;
				INFOPLIST_FILE = "$(SRCROOT)/CineScribe/Resources/Info.plist";
				LD_RUNPATH_SEARCH_PATHS = (
					"$(inherited)",
					"@executable_path/Frameworks",
				);
				PRODUCT_BUNDLE_IDENTIFIER = com.marlonraskin.CineScribe;
				PRODUCT_NAME = "$(TARGET_NAME)";
				SWIFT_VERSION = 5.0;
				TARGETED_DEVICE_FAMILY = 1;
			};
			name = Release;
		};
/* End XCBuildConfiguration section */

/* Begin XCConfigurationList section */
		374B05802339134E0089FB4E /* Build configuration list for PBXProject "CineScribe" */ = {
			isa = XCConfigurationList;
			buildConfigurations = (
				374B0597233913500089FB4E /* Debug */,
				374B0598233913500089FB4E /* Release */,
			);
			defaultConfigurationIsVisible = 0;
			defaultConfigurationName = Release;
		};
		374B0599233913500089FB4E /* Build configuration list for PBXNativeTarget "CineScribe" */ = {
			isa = XCConfigurationList;
			buildConfigurations = (
				374B059A233913500089FB4E /* Debug */,
				374B059B233913500089FB4E /* Release */,
			);
			defaultConfigurationIsVisible = 0;
			defaultConfigurationName = Release;
		};
/* End XCConfigurationList section */
	};
	rootObject = 374B057D2339134E0089FB4E /* Project object */;
}
